
Microsoft Visual Studio Solution File, Format Version 9.00
# Visual Studio 2005
Project("{FAE04EC0-301F-11D3-BF4B-00C04F79EFBC}") = "Fastfile", "Fastfile\Fastfile.csproj", "{05BFC33D-2EAD-46BE-8B16-E71648C1E3FD}"
EndProject
Project("{54435603-DBB4-11D2-8724-00A0C9A8B90C}") = "FastfileInstaller", "FastfileInstaller\FastfileInstaller.vdproj", "{77D32877-7465-4970-B9AF-B5B49D22D498}"
EndProject
Global
	GlobalSection(SolutionConfigurationPlatforms) = preSolution
		Debug|Any CPU = Debug|Any CPU
		Release|Any CPU = Release|Any CPU
	EndGlobalSection
	GlobalSection(ProjectConfigurationPlatforms) = postSolution
		{05BFC33D-2EAD-46BE-8B16-E71648C1E3FD}.Debug|Any CPU.ActiveCfg = Release|Any CPU
		{05BFC33D-2EAD-46BE-8B16-E71648C1E3FD}.Debug|Any CPU.Build.0 = Release|Any CPU
		{05BFC33D-2EAD-46BE-8B16-E71648C1E3FD}.Release|Any CPU.ActiveCfg = Release|Any CPU
		{05BFC33D-2EAD-46BE-8B16-E71648C1E3FD}.Release|Any CPU.Build.0 = Release|Any CPU
		{77D32877-7465-4970-B9AF-B5B49D22D498}.Debug|Any CPU.ActiveCfg = Release
		{77D32877-7465-4970-B9AF-B5B49D22D498}.Debug|Any CPU.Build.0 = Release
		{77D32877-7465-4970-B9AF-B5B49D22D498}.Release|Any CPU.ActiveCfg = Release
	EndGlobalSection
	GlobalSection(SolutionProperties) = preSolution
		HideSolutionNode = FALSE
	EndGlobalSection
EndGlobal
